
Microsoft Visual Studio Solution File, Format Version 12.00
# Visual Studio Version 16
VisualStudioVersion = 16.0.31321.278
MinimumVisualStudioVersion = 10.0.40219.1
Project("{FAE04EC0-301F-11D3-BF4B-00C04F79EFBC}") = "HcmCloudRemoteSignIn_Mobile.Android", "HcmCloudRemoteSignIn_Mobile\HcmCloudRemoteSignIn_Mobile.Android\HcmCloudRemoteSignIn_Mobile.Android.csproj", "{6AAB7205-72F1-4E08-A80F-E00013A7F8F5}"
EndProject
Project("{FAE04EC0-301F-11D3-BF4B-00C04F79EFBC}") = "HcmCloudRemoteSignIn_Mobile.iOS", "HcmCloudRemoteSignIn_Mobile\HcmCloudRemoteSignIn_Mobile.iOS\HcmCloudRemoteSignIn_Mobile.iOS.csproj", "{B73CD2D4-F4C1-44E8-8946-F3503D68EF2C}"
EndProject
Project("{FAE04EC0-301F-11D3-BF4B-00C04F79EFBC}") = "HcmCloudRemoteSignIn_Mobile", "HcmCloudRemoteSignIn_Mobile\HcmCloudRemoteSignIn_Mobile\HcmCloudRemoteSignIn_Mobile.csproj", "{8E749E44-B071-4BE7-AA09-F402351D829B}"
EndProject
Global
	GlobalSection(SolutionConfigurationPlatforms) = preSolution
		Debug|Any CPU = Debug|Any CPU
		Debug|iPhone = Debug|iPhone
		Debug|iPhoneSimulator = Debug|iPhoneSimulator
		Release|Any CPU = Release|Any CPU
		Release|iPhone = Release|iPhone
		Release|iPhoneSimulator = Release|iPhoneSimulator
	EndGlobalSection
	GlobalSection(ProjectConfigurationPlatforms) = postSolution
		{6AAB7205-72F1-4E08-A80F-E00013A7F8F5}.Debug|Any CPU.ActiveCfg = Debug|Any CPU
		{6AAB7205-72F1-4E08-A80F-E00013A7F8F5}.Debug|Any CPU.Build.0 = Debug|Any CPU
		{6AAB7205-72F1-4E08-A80F-E00013A7F8F5}.Debug|Any CPU.Deploy.0 = Debug|Any CPU
		{6AAB7205-72F1-4E08-A80F-E00013A7F8F5}.Debug|iPhone.ActiveCfg = Debug|Any CPU
		{6AAB7205-72F1-4E08-A80F-E00013A7F8F5}.Debug|iPhone.Build.0 = Debug|Any CPU
		{6AAB7205-72F1-4E08-A80F-E00013A7F8F5}.Debug|iPhone.Deploy.0 = Debug|Any CPU
		{6AAB7205-72F1-4E08-A80F-E00013A7F8F5}.Debug|iPhoneSimulator.ActiveCfg = Debug|Any CPU
		{6AAB7205-72F1-4E08-A80F-E00013A7F8F5}.Debug|iPhoneSimulator.Build.0 = Debug|Any CPU
		{6AAB7205-72F1-4E08-A80F-E00013A7F8F5}.Debug|iPhoneSimulator.Deploy.0 = Debug|Any CPU
		{6AAB7205-72F1-4E08-A80F-E00013A7F8F5}.Release|Any CPU.ActiveCfg = Release|Any CPU
		{6AAB7205-72F1-4E08-A80F-E00013A7F8F5}.Release|Any CPU.Build.0 = Release|Any CPU
		{6AAB7205-72F1-4E08-A80F-E00013A7F8F5}.Release|Any CPU.Deploy.0 = Release|Any CPU
		{6AAB7205-72F1-4E08-A80F-E00013A7F8F5}.Release|iPhone.ActiveCfg = Release|Any CPU
		{6AAB7205-72F1-4E08-A80F-E00013A7F8F5}.Release|iPhone.Build.0 = Release|Any CPU
		{6AAB7205-72F1-4E08-A80F-E00013A7F8F5}.Release|iPhone.Deploy.0 = Release|Any CPU
		{6AAB7205-72F1-4E08-A80F-E00013A7F8F5}.Release|iPhoneSimulator.ActiveCfg = Release|Any CPU
		{6AAB7205-72F1-4E08-A80F-E00013A7F8F5}.Release|iPhoneSimulator.Build.0 = Release|Any CPU
		{6AAB7205-72F1-4E08-A80F-E00013A7F8F5}.Release|iPhoneSimulator.Deploy.0 = Release|Any CPU
		{B73CD2D4-F4C1-44E8-8946-F3503D68EF2C}.Debug|Any CPU.ActiveCfg = Debug|iPhone
		{B73CD2D4-F4C1-44E8-8946-F3503D68EF2C}.Debug|Any CPU.Build.0 = Debug|iPhone
		{B73CD2D4-F4C1-44E8-8946-F3503D68EF2C}.Debug|Any CPU.Deploy.0 = Debug|iPhone
		{B73CD2D4-F4C1-44E8-8946-F3503D68EF2C}.Debug|iPhone.ActiveCfg = Debug|iPhone
		{B73CD2D4-F4C1-44E8-8946-F3503D68EF2C}.Debug|iPhone.Build.0 = Debug|iPhone
		{B73CD2D4-F4C1-44E8-8946-F3503D68EF2C}.Debug|iPhone.Deploy.0 = Debug|iPhone
		{B73CD2D4-F4C1-44E8-8946-F3503D68EF2C}.Debug|iPhoneSimulator.ActiveCfg = Debug|iPhoneSimulator
		{B73CD2D4-F4C1-44E8-8946-F3503D68EF2C}.Debug|iPhoneSimulator.Build.0 = Debug|iPhoneSimulator
		{B73CD2D4-F4C1-44E8-8946-F3503D68EF2C}.Debug|iPhoneSimulator.Deploy.0 = Debug|iPhoneSimulator
		{B73CD2D4-F4C1-44E8-8946-F3503D68EF2C}.Release|Any CPU.ActiveCfg = Release|iPhoneSimulator
		{B73CD2D4-F4C1-44E8-8946-F3503D68EF2C}.Release|Any CPU.Build.0 = Release|iPhoneSimulator
		{B73CD2D4-F4C1-44E8-8946-F3503D68EF2C}.Release|Any CPU.Deploy.0 = Release|iPhoneSimulator
		{B73CD2D4-F4C1-44E8-8946-F3503D68EF2C}.Release|iPhone.ActiveCfg = Release|iPhone
		{B73CD2D4-F4C1-44E8-8946-F3503D68EF2C}.Release|iPhone.Build.0 = Release|iPhone
		{B73CD2D4-F4C1-44E8-8946-F3503D68EF2C}.Release|iPhone.Deploy.0 = Release|iPhone
		{B73CD2D4-F4C1-44E8-8946-F3503D68EF2C}.Release|iPhoneSimulator.ActiveCfg = Release|iPhoneSimulator
		{B73CD2D4-F4C1-44E8-8946-F3503D68EF2C}.Release|iPhoneSimulator.Build.0 = Release|iPhoneSimulator
		{B73CD2D4-F4C1-44E8-8946-F3503D68EF2C}.Release|iPhoneSimulator.Deploy.0 = Release|iPhoneSimulator
		{8E749E44-B071-4BE7-AA09-F402351D829B}.Debug|Any CPU.ActiveCfg = Debug|Any CPU
		{8E749E44-B071-4BE7-AA09-F402351D829B}.Debug|Any CPU.Build.0 = Debug|Any CPU
		{8E749E44-B071-4BE7-AA09-F402351D829B}.Debug|Any CPU.Deploy.0 = Debug|Any CPU
		{8E749E44-B071-4BE7-AA09-F402351D829B}.Debug|iPhone.ActiveCfg = Debug|Any CPU
		{8E749E44-B071-4BE7-AA09-F402351D829B}.Debug|iPhone.Build.0 = Debug|Any CPU
		{8E749E44-B071-4BE7-AA09-F402351D829B}.Debug|iPhone.Deploy.0 = Debug|Any CPU
		{8E749E44-B071-4BE7-AA09-F402351D829B}.Debug|iPhoneSimulator.ActiveCfg = Debug|Any CPU
		{8E749E44-B071-4BE7-AA09-F402351D829B}.Debug|iPhoneSimulator.Build.0 = Debug|Any CPU
		{8E749E44-B071-4BE7-AA09-F402351D829B}.Debug|iPhoneSimulator.Deploy.0 = Debug|Any CPU
		{8E749E44-B071-4BE7-AA09-F402351D829B}.Release|Any CPU.ActiveCfg = Release|Any CPU
		{8E749E44-B071-4BE7-AA09-F402351D829B}.Release|Any CPU.Build.0 = Release|Any CPU
		{8E749E44-B071-4BE7-AA09-F402351D829B}.Release|Any CPU.Deploy.0 = Release|Any CPU
		{8E749E44-B071-4BE7-AA09-F402351D829B}.Release|iPhone.ActiveCfg = Release|Any CPU
		{8E749E44-B071-4BE7-AA09-F402351D829B}.Release|iPhone.Build.0 = Release|Any CPU
		{8E749E44-B071-4BE7-AA09-F402351D829B}.Release|iPhone.Deploy.0 = Release|Any CPU
		{8E749E44-B071-4BE7-AA09-F402351D829B}.Release|iPhoneSimulator.ActiveCfg = Release|Any CPU
		{8E749E44-B071-4BE7-AA09-F402351D829B}.Release|iPhoneSimulator.Build.0 = Release|Any CPU
		{8E749E44-B071-4BE7-AA09-F402351D829B}.Release|iPhoneSimulator.Deploy.0 = Release|Any CPU
	EndGlobalSection
	GlobalSection(SolutionProperties) = preSolution
		HideSolutionNode = FALSE
	EndGlobalSection
	GlobalSection(ExtensibilityGlobals) = postSolution
		SolutionGuid = {8E26F13A-2138-42D0-B9D0-3DFBC05C6726}
	EndGlobalSection
EndGlobal
